
Microsoft Visual Studio Solution File, Format Version 12.00
Project("{FAE04EC0-301F-11D3-BF4B-00C04F79EFBC}") = "Bethanys_Pie_Shop", "Bethanys_Pie_Shop\Bethanys_Pie_Shop.csproj", "{CFA68EA3-B71E-4A3D-A53C-C8C0BB0FE4B4}"
EndProject
Global
	GlobalSection(SolutionConfigurationPlatforms) = preSolution
		Debug|Any CPU = Debug|Any CPU
		Release|Any CPU = Release|Any CPU
	EndGlobalSection
	GlobalSection(ProjectConfigurationPlatforms) = postSolution
		{CFA68EA3-B71E-4A3D-A53C-C8C0BB0FE4B4}.Debug|Any CPU.ActiveCfg = Debug|Any CPU
		{CFA68EA3-B71E-4A3D-A53C-C8C0BB0FE4B4}.Debug|Any CPU.Build.0 = Debug|Any CPU
		{CFA68EA3-B71E-4A3D-A53C-C8C0BB0FE4B4}.Release|Any CPU.ActiveCfg = Release|Any CPU
		{CFA68EA3-B71E-4A3D-A53C-C8C0BB0FE4B4}.Release|Any CPU.Build.0 = Release|Any CPU
	EndGlobalSection
EndGlobal
